
Microsoft Visual Studio Solution File, Format Version 12.00
# Visual Studio Version 17
VisualStudioVersion = 17.4.33205.214
MinimumVisualStudioVersion = 10.0.40219.1
Project("{888888A0-9F3D-457C-B088-3A5042F75D52}") = "TARgv23_pohikonstraktsioon", "TARgv23_pohikonstraktsioon.pyproj", "{55EB9C8B-251D-420A-B0CA-66272103836C}"
EndProject
Global
	GlobalSection(SolutionConfigurationPlatforms) = preSolution
		Debug|Any CPU = Debug|Any CPU
		Release|Any CPU = Release|Any CPU
	EndGlobalSection
	GlobalSection(ProjectConfigurationPlatforms) = postSolution
		{55EB9C8B-251D-420A-B0CA-66272103836C}.Debug|Any CPU.ActiveCfg = Debug|Any CPU
		{55EB9C8B-251D-420A-B0CA-66272103836C}.Release|Any CPU.ActiveCfg = Release|Any CPU
	EndGlobalSection
	GlobalSection(SolutionProperties) = preSolution
		HideSolutionNode = FALSE
	EndGlobalSection
	GlobalSection(ExtensibilityGlobals) = postSolution
		SolutionGuid = {124B48B9-CC35-4453-85FE-3574C57DA026}
	EndGlobalSection
EndGlobal
